
Microsoft Visual Studio Solution File, Format Version 12.00
# Visual Studio 15
VisualStudioVersion = 15.0.28307.168
MinimumVisualStudioVersion = 10.0.40219.1
Project("{FAE04EC0-301F-11D3-BF4B-00C04F79EFBC}") = "AI_Order", "AI_Order\AI_Order.csproj", "{260CFC6A-8FBB-404A-81C1-3361CE586DF5}"
EndProject
Global
	GlobalSection(SolutionConfigurationPlatforms) = preSolution
		Debug|x86 = Debug|x86
		Release|x86 = Release|x86
	EndGlobalSection
	GlobalSection(ProjectConfigurationPlatforms) = postSolution
		{260CFC6A-8FBB-404A-81C1-3361CE586DF5}.Debug|x86.ActiveCfg = Debug|x86
		{260CFC6A-8FBB-404A-81C1-3361CE586DF5}.Debug|x86.Build.0 = Debug|x86
		{260CFC6A-8FBB-404A-81C1-3361CE586DF5}.Release|x86.ActiveCfg = Release|x86
		{260CFC6A-8FBB-404A-81C1-3361CE586DF5}.Release|x86.Build.0 = Release|x86
	EndGlobalSection
	GlobalSection(SolutionProperties) = preSolution
		HideSolutionNode = FALSE
	EndGlobalSection
	GlobalSection(ExtensibilityGlobals) = postSolution
		SolutionGuid = {CF99B8E2-3CBE-4FE7-A554-302E532B24A4}
	EndGlobalSection
EndGlobal
